
Microsoft Visual Studio Solution File, Format Version 12.00
# Visual Studio 15
VisualStudioVersion = 15.0.28307.1433
MinimumVisualStudioVersion = 10.0.40219.1
Project("{FAE04EC0-301F-11D3-BF4B-00C04F79EFBC}") = "WindowsFormsApp1", "WindowsFormsApp1\WindowsFormsApp1.csproj", "{37564382-DB4E-452F-B482-88E7779CAB24}"
EndProject
Global
	GlobalSection(SolutionConfigurationPlatforms) = preSolution
		Debug|Any CPU = Debug|Any CPU
		Release|Any CPU = Release|Any CPU
	EndGlobalSection
	GlobalSection(ProjectConfigurationPlatforms) = postSolution
		{37564382-DB4E-452F-B482-88E7779CAB24}.Debug|Any CPU.ActiveCfg = Debug|Any CPU
		{37564382-DB4E-452F-B482-88E7779CAB24}.Debug|Any CPU.Build.0 = Debug|Any CPU
		{37564382-DB4E-452F-B482-88E7779CAB24}.Release|Any CPU.ActiveCfg = Release|Any CPU
		{37564382-DB4E-452F-B482-88E7779CAB24}.Release|Any CPU.Build.0 = Release|Any CPU
	EndGlobalSection
	GlobalSection(SolutionProperties) = preSolution
		HideSolutionNode = FALSE
	EndGlobalSection
	GlobalSection(ExtensibilityGlobals) = postSolution
		SolutionGuid = {E5B78D6D-66BD-4457-8A8A-8C9B33327DAB}
	EndGlobalSection
EndGlobal
